
Microsoft Visual Studio Solution File, Format Version 12.00
# Visual Studio 15
VisualStudioVersion = 15.0.27703.2047
MinimumVisualStudioVersion = 10.0.40219.1
Project("{FAE04EC0-301F-11D3-BF4B-00C04F79EFBC}") = "WindowsFormsApp3", "WindowsFormsApp3\WindowsFormsApp3.csproj", "{74830D92-791A-4D0D-BCE2-9348BA706986}"
EndProject
Global
	GlobalSection(SolutionConfigurationPlatforms) = preSolution
		Debug|Any CPU = Debug|Any CPU
		Release|Any CPU = Release|Any CPU
	EndGlobalSection
	GlobalSection(ProjectConfigurationPlatforms) = postSolution
		{74830D92-791A-4D0D-BCE2-9348BA706986}.Debug|Any CPU.ActiveCfg = Debug|Any CPU
		{74830D92-791A-4D0D-BCE2-9348BA706986}.Debug|Any CPU.Build.0 = Debug|Any CPU
		{74830D92-791A-4D0D-BCE2-9348BA706986}.Release|Any CPU.ActiveCfg = Release|Any CPU
		{74830D92-791A-4D0D-BCE2-9348BA706986}.Release|Any CPU.Build.0 = Release|Any CPU
	EndGlobalSection
	GlobalSection(SolutionProperties) = preSolution
		HideSolutionNode = FALSE
	EndGlobalSection
	GlobalSection(ExtensibilityGlobals) = postSolution
		SolutionGuid = {464914B4-3F1F-4966-96E7-AD288367BBAE}
	EndGlobalSection
EndGlobal
